
Microsoft Visual Studio Solution File, Format Version 12.00
# Visual Studio Version 17
VisualStudioVersion = 17.0.32014.148
MinimumVisualStudioVersion = 10.0.40219.1
Project("{FAE04EC0-301F-11D3-BF4B-00C04F79EFBC}") = "Hoplits", "Hoplits.csproj", "{C8D9E684-0251-4582-A016-B6B728BFC954}"
EndProject
Global
	GlobalSection(SolutionConfigurationPlatforms) = preSolution
		Debug|Any CPU = Debug|Any CPU
		Release|Any CPU = Release|Any CPU
	EndGlobalSection
	GlobalSection(ProjectConfigurationPlatforms) = postSolution
		{C8D9E684-0251-4582-A016-B6B728BFC954}.Debug|Any CPU.ActiveCfg = Debug|Any CPU
		{C8D9E684-0251-4582-A016-B6B728BFC954}.Debug|Any CPU.Build.0 = Debug|Any CPU
		{C8D9E684-0251-4582-A016-B6B728BFC954}.Release|Any CPU.ActiveCfg = Release|Any CPU
		{C8D9E684-0251-4582-A016-B6B728BFC954}.Release|Any CPU.Build.0 = Release|Any CPU
	EndGlobalSection
	GlobalSection(SolutionProperties) = preSolution
		HideSolutionNode = FALSE
	EndGlobalSection
	GlobalSection(ExtensibilityGlobals) = postSolution
		SolutionGuid = {BAC6535E-D5C9-4121-9983-32B7C8C99854}
	EndGlobalSection
EndGlobal
