
Microsoft Visual Studio Solution File, Format Version 12.00
# Visual Studio Version 17
VisualStudioVersion = 17.1.32319.34
MinimumVisualStudioVersion = 10.0.40219.1
Project("{9A19103F-16F7-4668-BE54-9A1E7A4F7556}") = "ctrlz", "ctrlz\ctrlz.csproj", "{B7C8254F-5379-4847-A2C7-762B5D7C97DE}"
EndProject
Global
	GlobalSection(SolutionConfigurationPlatforms) = preSolution
		Debug|Any CPU = Debug|Any CPU
		Release|Any CPU = Release|Any CPU
	EndGlobalSection
	GlobalSection(ProjectConfigurationPlatforms) = postSolution
		{B7C8254F-5379-4847-A2C7-762B5D7C97DE}.Debug|Any CPU.ActiveCfg = Debug|Any CPU
		{B7C8254F-5379-4847-A2C7-762B5D7C97DE}.Debug|Any CPU.Build.0 = Debug|Any CPU
		{B7C8254F-5379-4847-A2C7-762B5D7C97DE}.Release|Any CPU.ActiveCfg = Release|Any CPU
		{B7C8254F-5379-4847-A2C7-762B5D7C97DE}.Release|Any CPU.Build.0 = Release|Any CPU
	EndGlobalSection
	GlobalSection(SolutionProperties) = preSolution
		HideSolutionNode = FALSE
	EndGlobalSection
	GlobalSection(ExtensibilityGlobals) = postSolution
		SolutionGuid = {433C928D-D28D-42C8-80F1-5155629B4F1C}
	EndGlobalSection
EndGlobal
